
Microsoft Visual Studio Solution File, Format Version 12.00
# Visual Studio 15
Project("{FAE04EC0-301F-11D3-BF4B-00C04F79EFBC}") = "Assembly-CSharp", "Assembly-CSharp.csproj", "{3C31DFBB-1738-8674-90CF-2CE46E08EADF}"
EndProject
Global
	GlobalSection(SolutionConfigurationPlatforms) = preSolution
		Debug|Any CPU = Debug|Any CPU
		Release|Any CPU = Release|Any CPU
	EndGlobalSection
	GlobalSection(ProjectConfigurationPlatforms) = postSolution
		{3C31DFBB-1738-8674-90CF-2CE46E08EADF}.Debug|Any CPU.ActiveCfg = Debug|Any CPU
		{3C31DFBB-1738-8674-90CF-2CE46E08EADF}.Debug|Any CPU.Build.0 = Debug|Any CPU
		{3C31DFBB-1738-8674-90CF-2CE46E08EADF}.Release|Any CPU.ActiveCfg = Release|Any CPU
		{3C31DFBB-1738-8674-90CF-2CE46E08EADF}.Release|Any CPU.Build.0 = Release|Any CPU
	EndGlobalSection
	GlobalSection(SolutionProperties) = preSolution
		HideSolutionNode = FALSE
	EndGlobalSection
EndGlobal
